
Microsoft Visual Studio Solution File, Format Version 12.00
# Visual Studio Version 17
VisualStudioVersion = 17.0.31919.166
MinimumVisualStudioVersion = 10.0.40219.1
Project("{2150E333-8FDC-42A3-9474-1A3956D46DE8}") = "templates", "templates", "{FC634911-168A-4FDD-8758-11FAD5B8696B}"
EndProject
Project("{FAE04EC0-301F-11D3-BF4B-00C04F79EFBC}") = "AvaloniaVS.VS2022", "AvaloniaVS.VS2022\AvaloniaVS.VS2022.csproj", "{1029EC08-7B2E-4018-B20D-E85CA58DEB59}"
EndProject
Project("{D954291E-2A0B-460D-934E-DC6B0785DB48}") = "AvaloniaVS.Shared", "AvaloniaVS.Shared\AvaloniaVS.Shared.shproj", "{40D9809E-D179-44B2-BF42-61D781FB74F6}"
EndProject
Project("{2150E333-8FDC-42A3-9474-1A3956D46DE8}") = "Solution Items", "Solution Items", "{BBEFDE34-004E-47D0-A7D0-18A912DAFB2D}"
	ProjectSection(SolutionItems) = preProject
		.editorconfig = .editorconfig
		azure-pipelines.yml = azure-pipelines.yml
		Directory.Build.props = Directory.Build.props
		Props\NetAnalyzers.props = Props\NetAnalyzers.props
		Props\NullableEnable.props = Props\NullableEnable.props
		Props\TrimmingEnable.props = Props\TrimmingEnable.props
	EndProjectSection
EndProject
Project("{9A19103F-16F7-4668-BE54-9A1E7A4F7556}") = "Avalonia.Ide.CompletionEngine", "CompletionEngine\Avalonia.Ide.CompletionEngine\Avalonia.Ide.CompletionEngine.csproj", "{CD7DB042-4282-4DFB-9910-958036DD621D}"
EndProject
Project("{2150E333-8FDC-42A3-9474-1A3956D46DE8}") = "CompletionEngine", "CompletionEngine", "{8F7FC7D4-7E16-46A4-BA35-2CA47734AE5E}"
EndProject
Project("{9A19103F-16F7-4668-BE54-9A1E7A4F7556}") = "Avalonia.Ide.CompletionEngine.DnlibMetadataProvider", "CompletionEngine\Avalonia.Ide.CompletionEngine.DnlibMetadataProvider\Avalonia.Ide.CompletionEngine.DnlibMetadataProvider.csproj", "{5F0F9262-3527-46AF-ACF6-986B7F7B4C90}"
EndProject
Project("{2150E333-8FDC-42A3-9474-1A3956D46DE8}") = "tests", "tests", "{3CF4E8CC-E706-41DC-8A22-8E37EDA7E599}"
EndProject
Project("{9A19103F-16F7-4668-BE54-9A1E7A4F7556}") = "CompletionEngineTests", "tests\CompletionEngineTests\CompletionEngineTests.csproj", "{70475448-B721-48BD-A96D-56C8A0B88BA0}"
EndProject
Project("{9A19103F-16F7-4668-BE54-9A1E7A4F7556}") = "TestAssembly1", "tests\TestAssembly1\TestAssembly1.csproj", "{26CB0499-10FE-4CC1-9F20-4738BF527494}"
EndProject
Project("{9A19103F-16F7-4668-BE54-9A1E7A4F7556}") = "TestAssembly2", "tests\TestAssembly2\TestAssembly2.csproj", "{0D792D9B-66F7-46DB-AC87-AA3068151E6C}"
EndProject
Project("{9A19103F-16F7-4668-BE54-9A1E7A4F7556}") = "ProjectTemplatesDownloader", "templates\ProjectTemplatesDownloader\ProjectTemplatesDownloader.csproj", "{14C474FC-E529-4148-ADEB-E9F77E744452}"
EndProject
Global
	GlobalSection(SolutionConfigurationPlatforms) = preSolution
		Debug|Any CPU = Debug|Any CPU
		Debug|arm64 = Debug|arm64
		Debug|x86 = Debug|x86
		Release|Any CPU = Release|Any CPU
		Release|arm64 = Release|arm64
		Release|x86 = Release|x86
	EndGlobalSection
	GlobalSection(ProjectConfigurationPlatforms) = postSolution
		{1029EC08-7B2E-4018-B20D-E85CA58DEB59}.Debug|Any CPU.ActiveCfg = Debug|Any CPU
		{1029EC08-7B2E-4018-B20D-E85CA58DEB59}.Debug|Any CPU.Build.0 = Debug|Any CPU
		{1029EC08-7B2E-4018-B20D-E85CA58DEB59}.Debug|arm64.ActiveCfg = Debug|arm64
		{1029EC08-7B2E-4018-B20D-E85CA58DEB59}.Debug|arm64.Build.0 = Debug|arm64
		{1029EC08-7B2E-4018-B20D-E85CA58DEB59}.Debug|x86.ActiveCfg = Debug|x86
		{1029EC08-7B2E-4018-B20D-E85CA58DEB59}.Debug|x86.Build.0 = Debug|x86
		{1029EC08-7B2E-4018-B20D-E85CA58DEB59}.Release|Any CPU.ActiveCfg = Release|Any CPU
		{1029EC08-7B2E-4018-B20D-E85CA58DEB59}.Release|Any CPU.Build.0 = Release|Any CPU
		{1029EC08-7B2E-4018-B20D-E85CA58DEB59}.Release|arm64.ActiveCfg = Release|arm64
		{1029EC08-7B2E-4018-B20D-E85CA58DEB59}.Release|arm64.Build.0 = Release|arm64
		{1029EC08-7B2E-4018-B20D-E85CA58DEB59}.Release|x86.ActiveCfg = Release|x86
		{1029EC08-7B2E-4018-B20D-E85CA58DEB59}.Release|x86.Build.0 = Release|x86
		{CD7DB042-4282-4DFB-9910-958036DD621D}.Debug|Any CPU.ActiveCfg = Debug|Any CPU
		{CD7DB042-4282-4DFB-9910-958036DD621D}.Debug|Any CPU.Build.0 = Debug|Any CPU
		{CD7DB042-4282-4DFB-9910-958036DD621D}.Debug|arm64.ActiveCfg = Debug|Any CPU
		{CD7DB042-4282-4DFB-9910-958036DD621D}.Debug|arm64.Build.0 = Debug|Any CPU
		{CD7DB042-4282-4DFB-9910-958036DD621D}.Debug|x86.ActiveCfg = Debug|Any CPU
		{CD7DB042-4282-4DFB-9910-958036DD621D}.Debug|x86.Build.0 = Debug|Any CPU
		{CD7DB042-4282-4DFB-9910-958036DD621D}.Release|Any CPU.ActiveCfg = Release|Any CPU
		{CD7DB042-4282-4DFB-9910-958036DD621D}.Release|Any CPU.Build.0 = Release|Any CPU
		{CD7DB042-4282-4DFB-9910-958036DD621D}.Release|arm64.ActiveCfg = Release|Any CPU
		{CD7DB042-4282-4DFB-9910-958036DD621D}.Release|arm64.Build.0 = Release|Any CPU
		{CD7DB042-4282-4DFB-9910-958036DD621D}.Release|x86.ActiveCfg = Release|Any CPU
		{CD7DB042-4282-4DFB-9910-958036DD621D}.Release|x86.Build.0 = Release|Any CPU
		{5F0F9262-3527-46AF-ACF6-986B7F7B4C90}.Debug|Any CPU.ActiveCfg = Debug|Any CPU
		{5F0F9262-3527-46AF-ACF6-986B7F7B4C90}.Debug|Any CPU.Build.0 = Debug|Any CPU
		{5F0F9262-3527-46AF-ACF6-986B7F7B4C90}.Debug|arm64.ActiveCfg = Debug|Any CPU
		{5F0F9262-3527-46AF-ACF6-986B7F7B4C90}.Debug|arm64.Build.0 = Debug|Any CPU
		{5F0F9262-3527-46AF-ACF6-986B7F7B4C90}.Debug|x86.ActiveCfg = Debug|Any CPU
		{5F0F9262-3527-46AF-ACF6-986B7F7B4C90}.Debug|x86.Build.0 = Debug|Any CPU
		{5F0F9262-3527-46AF-ACF6-986B7F7B4C90}.Release|Any CPU.ActiveCfg = Release|Any CPU
		{5F0F9262-3527-46AF-ACF6-986B7F7B4C90}.Release|Any CPU.Build.0 = Release|Any CPU
		{5F0F9262-3527-46AF-ACF6-986B7F7B4C90}.Release|arm64.ActiveCfg = Release|Any CPU
		{5F0F9262-3527-46AF-ACF6-986B7F7B4C90}.Release|arm64.Build.0 = Release|Any CPU
		{5F0F9262-3527-46AF-ACF6-986B7F7B4C90}.Release|x86.ActiveCfg = Release|Any CPU
		{5F0F9262-3527-46AF-ACF6-986B7F7B4C90}.Release|x86.Build.0 = Release|Any CPU
		{70475448-B721-48BD-A96D-56C8A0B88BA0}.Debug|Any CPU.ActiveCfg = Debug|Any CPU
		{70475448-B721-48BD-A96D-56C8A0B88BA0}.Debug|Any CPU.Build.0 = Debug|Any CPU
		{70475448-B721-48BD-A96D-56C8A0B88BA0}.Debug|arm64.ActiveCfg = Debug|Any CPU
		{70475448-B721-48BD-A96D-56C8A0B88BA0}.Debug|arm64.Build.0 = Debug|Any CPU
		{70475448-B721-48BD-A96D-56C8A0B88BA0}.Debug|x86.ActiveCfg = Debug|Any CPU
		{70475448-B721-48BD-A96D-56C8A0B88BA0}.Debug|x86.Build.0 = Debug|Any CPU
		{70475448-B721-48BD-A96D-56C8A0B88BA0}.Release|Any CPU.ActiveCfg = Release|Any CPU
		{70475448-B721-48BD-A96D-56C8A0B88BA0}.Release|Any CPU.Build.0 = Release|Any CPU
		{70475448-B721-48BD-A96D-56C8A0B88BA0}.Release|arm64.ActiveCfg = Release|Any CPU
		{70475448-B721-48BD-A96D-56C8A0B88BA0}.Release|arm64.Build.0 = Release|Any CPU
		{70475448-B721-48BD-A96D-56C8A0B88BA0}.Release|x86.ActiveCfg = Release|Any CPU
		{70475448-B721-48BD-A96D-56C8A0B88BA0}.Release|x86.Build.0 = Release|Any CPU
		{26CB0499-10FE-4CC1-9F20-4738BF527494}.Debug|Any CPU.ActiveCfg = Debug|Any CPU
		{26CB0499-10FE-4CC1-9F20-4738BF527494}.Debug|Any CPU.Build.0 = Debug|Any CPU
		{26CB0499-10FE-4CC1-9F20-4738BF527494}.Debug|arm64.ActiveCfg = Debug|Any CPU
		{26CB0499-10FE-4CC1-9F20-4738BF527494}.Debug|arm64.Build.0 = Debug|Any CPU
		{26CB0499-10FE-4CC1-9F20-4738BF527494}.Debug|x86.ActiveCfg = Debug|Any CPU
		{26CB0499-10FE-4CC1-9F20-4738BF527494}.Debug|x86.Build.0 = Debug|Any CPU
		{26CB0499-10FE-4CC1-9F20-4738BF527494}.Release|Any CPU.ActiveCfg = Release|Any CPU
		{26CB0499-10FE-4CC1-9F20-4738BF527494}.Release|Any CPU.Build.0 = Release|Any CPU
		{26CB0499-10FE-4CC1-9F20-4738BF527494}.Release|arm64.ActiveCfg = Release|Any CPU
		{26CB0499-10FE-4CC1-9F20-4738BF527494}.Release|arm64.Build.0 = Release|Any CPU
		{26CB0499-10FE-4CC1-9F20-4738BF527494}.Release|x86.ActiveCfg = Release|Any CPU
		{26CB0499-10FE-4CC1-9F20-4738BF527494}.Release|x86.Build.0 = Release|Any CPU
		{0D792D9B-66F7-46DB-AC87-AA3068151E6C}.Debug|Any CPU.ActiveCfg = Debug|Any CPU
		{0D792D9B-66F7-46DB-AC87-AA3068151E6C}.Debug|Any CPU.Build.0 = Debug|Any CPU
		{0D792D9B-66F7-46DB-AC87-AA3068151E6C}.Debug|arm64.ActiveCfg = Debug|Any CPU
		{0D792D9B-66F7-46DB-AC87-AA3068151E6C}.Debug|arm64.Build.0 = Debug|Any CPU
		{0D792D9B-66F7-46DB-AC87-AA3068151E6C}.Debug|x86.ActiveCfg = Debug|Any CPU
		{0D792D9B-66F7-46DB-AC87-AA3068151E6C}.Debug|x86.Build.0 = Debug|Any CPU
		{0D792D9B-66F7-46DB-AC87-AA3068151E6C}.Release|Any CPU.ActiveCfg = Release|Any CPU
		{0D792D9B-66F7-46DB-AC87-AA3068151E6C}.Release|Any CPU.Build.0 = Release|Any CPU
		{0D792D9B-66F7-46DB-AC87-AA3068151E6C}.Release|arm64.ActiveCfg = Release|Any CPU
		{0D792D9B-66F7-46DB-AC87-AA3068151E6C}.Release|arm64.Build.0 = Release|Any CPU
		{0D792D9B-66F7-46DB-AC87-AA3068151E6C}.Release|x86.ActiveCfg = Release|Any CPU
		{0D792D9B-66F7-46DB-AC87-AA3068151E6C}.Release|x86.Build.0 = Release|Any CPU
		{14C474FC-E529-4148-ADEB-E9F77E744452}.Debug|Any CPU.ActiveCfg = Debug|Any CPU
		{14C474FC-E529-4148-ADEB-E9F77E744452}.Debug|Any CPU.Build.0 = Debug|Any CPU
		{14C474FC-E529-4148-ADEB-E9F77E744452}.Debug|arm64.ActiveCfg = Debug|Any CPU
		{14C474FC-E529-4148-ADEB-E9F77E744452}.Debug|arm64.Build.0 = Debug|Any CPU
		{14C474FC-E529-4148-ADEB-E9F77E744452}.Debug|x86.ActiveCfg = Debug|Any CPU
		{14C474FC-E529-4148-ADEB-E9F77E744452}.Debug|x86.Build.0 = Debug|Any CPU
		{14C474FC-E529-4148-ADEB-E9F77E744452}.Release|Any CPU.ActiveCfg = Release|Any CPU
		{14C474FC-E529-4148-ADEB-E9F77E744452}.Release|Any CPU.Build.0 = Release|Any CPU
		{14C474FC-E529-4148-ADEB-E9F77E744452}.Release|arm64.ActiveCfg = Release|Any CPU
		{14C474FC-E529-4148-ADEB-E9F77E744452}.Release|arm64.Build.0 = Release|Any CPU
		{14C474FC-E529-4148-ADEB-E9F77E744452}.Release|x86.ActiveCfg = Release|Any CPU
		{14C474FC-E529-4148-ADEB-E9F77E744452}.Release|x86.Build.0 = Release|Any CPU
	EndGlobalSection
	GlobalSection(SolutionProperties) = preSolution
		HideSolutionNode = FALSE
	EndGlobalSection
	GlobalSection(NestedProjects) = preSolution
		{CD7DB042-4282-4DFB-9910-958036DD621D} = {8F7FC7D4-7E16-46A4-BA35-2CA47734AE5E}
		{5F0F9262-3527-46AF-ACF6-986B7F7B4C90} = {8F7FC7D4-7E16-46A4-BA35-2CA47734AE5E}
		{70475448-B721-48BD-A96D-56C8A0B88BA0} = {3CF4E8CC-E706-41DC-8A22-8E37EDA7E599}
		{26CB0499-10FE-4CC1-9F20-4738BF527494} = {3CF4E8CC-E706-41DC-8A22-8E37EDA7E599}
		{0D792D9B-66F7-46DB-AC87-AA3068151E6C} = {3CF4E8CC-E706-41DC-8A22-8E37EDA7E599}
		{14C474FC-E529-4148-ADEB-E9F77E744452} = {FC634911-168A-4FDD-8758-11FAD5B8696B}
	EndGlobalSection
	GlobalSection(ExtensibilityGlobals) = postSolution
		SolutionGuid = {0CE7163D-D505-4965-B2B9-9E9068C77A62}
	EndGlobalSection
	GlobalSection(SharedMSBuildProjectFiles) = preSolution
		AvaloniaVS.Shared\AvaloniaVS.Shared.projitems*{1029ec08-7b2e-4018-b20d-e85ca58deb59}*SharedItemsImports = 4
		AvaloniaVS.Shared\AvaloniaVS.Shared.projitems*{40d9809e-d179-44b2-bf42-61d781fb74f6}*SharedItemsImports = 13
	EndGlobalSection
EndGlobal
