
Microsoft Visual Studio Solution File, Format Version 12.00
# Visual Studio Version 17
VisualStudioVersion = 17.0.31919.166
MinimumVisualStudioVersion = 10.0.40219.1
Project("{2150E333-8FDC-42A3-9474-1A3956D46DE8}") = "submodules", "submodules", "{BA40CDDD-84AA-4B4A-A729-7EFB9E1E9B22}"
EndProject
Project("{9A19103F-16F7-4668-BE54-9A1E7A4F7556}") = "Avalonia.Remote.Protocol", "submodules\Avalonia\src\Avalonia.Remote.Protocol\Avalonia.Remote.Protocol.csproj", "{B089E051-A987-4946-AE04-E7EEC3F91A7F}"
EndProject
Project("{2150E333-8FDC-42A3-9474-1A3956D46DE8}") = "templates", "templates", "{FC634911-168A-4FDD-8758-11FAD5B8696B}"
EndProject
Project("{FAE04EC0-301F-11D3-BF4B-00C04F79EFBC}") = "AvaloniaApplicationTemplate", "templates\AvaloniaApplicationTemplate\AvaloniaApplicationTemplate.csproj", "{75104AA0-3B1B-47D4-9C4D-501A8185ACFC}"
EndProject
Project("{FAE04EC0-301F-11D3-BF4B-00C04F79EFBC}") = "AvaloniaMvvmApplicationTemplate", "templates\AvaloniaMvvmApplicationTemplate\AvaloniaMvvmApplicationTemplate.csproj", "{D458691F-3B40-4E54-8BC2-782D017CFD2B}"
EndProject
Project("{FAE04EC0-301F-11D3-BF4B-00C04F79EFBC}") = "AvaloniaUserControlTemplate", "templates\AvaloniaUserControlTemplate\AvaloniaUserControlTemplate.csproj", "{3BFD12BB-E6D8-46D7-9D5F-119A9896941E}"
EndProject
Project("{FAE04EC0-301F-11D3-BF4B-00C04F79EFBC}") = "AvaloniaWindowTemplate", "templates\AvaloniaWindowTemplate\AvaloniaWindowTemplate.csproj", "{C8B3FF98-50A3-4C04-8F8C-ED853EC0760C}"
EndProject
Project("{FAE04EC0-301F-11D3-BF4B-00C04F79EFBC}") = "FsAvaloniaApplicationTemplate", "templates\FsAvaloniaApplicationTemplate\FsAvaloniaApplicationTemplate.csproj", "{ECB52FC8-B704-405E-BC2F-086F8E217536}"
EndProject
Project("{FAE04EC0-301F-11D3-BF4B-00C04F79EFBC}") = "FsAvaloniaWindowTemplate", "templates\FsAvaloniaWindowTemplate\FsAvaloniaWindowTemplate.csproj", "{F71567E3-AE77-4009-9901-6994596EAFA6}"
EndProject
Project("{FAE04EC0-301F-11D3-BF4B-00C04F79EFBC}") = "FsAvaloniaUserControlTemplate", "templates\FsAvaloniaUserControlTemplate\FsAvaloniaUserControlTemplate.csproj", "{807DA0C2-1DDC-4693-8B6D-901692EC0180}"
EndProject
Project("{FAE04EC0-301F-11D3-BF4B-00C04F79EFBC}") = "FsAvaloniaMvvmApplicationTemplate", "templates\FsAvaloniaMvvmApplicationTemplate\FsAvaloniaMvvmApplicationTemplate.csproj", "{8315FEBB-8ACD-4AD4-950C-2F4768986D92}"
EndProject
Project("{FAE04EC0-301F-11D3-BF4B-00C04F79EFBC}") = "AvaloniaTemplatedControlTemplate", "templates\AvaloniaTemplatedControlTemplate\AvaloniaTemplatedControlTemplate.csproj", "{8C4E8335-59BA-4E56-80FF-68C559E3F664}"
EndProject
Project("{FAE04EC0-301F-11D3-BF4B-00C04F79EFBC}") = "AvaloniaResourceDictionaryTemplate", "templates\AvaloniaResourceDictionaryTemplate\AvaloniaResourceDictionaryTemplate.csproj", "{F7EE3A1D-DDB2-4F82-A6E7-F444A24ABB62}"
EndProject
Project("{FAE04EC0-301F-11D3-BF4B-00C04F79EFBC}") = "AvaloniaStylesTemplate", "templates\AvaloniaStylesTemplate\AvaloniaStylesTemplate.csproj", "{9FEF480A-5A56-489D-AD89-53970FD2B2A1}"
EndProject
Project("{FAE04EC0-301F-11D3-BF4B-00C04F79EFBC}") = "AvaloniaVS.VS2019AndEarlier", "AvaloniaVS.VS2019AndEarlier\AvaloniaVS.VS2019AndEarlier.csproj", "{79A4832C-9D3E-42D9-9215-D786565269B5}"
EndProject
Project("{FAE04EC0-301F-11D3-BF4B-00C04F79EFBC}") = "AvaloniaVS.VS2022", "AvaloniaVS.VS2022\AvaloniaVS.VS2022.csproj", "{1029EC08-7B2E-4018-B20D-E85CA58DEB59}"
EndProject
Project("{D954291E-2A0B-460D-934E-DC6B0785DB48}") = "AvaloniaVS.Shared", "AvaloniaVS.Shared\AvaloniaVS.Shared.shproj", "{40D9809E-D179-44B2-BF42-61D781FB74F6}"
EndProject
Project("{2150E333-8FDC-42A3-9474-1A3956D46DE8}") = "Solution Items", "Solution Items", "{BBEFDE34-004E-47D0-A7D0-18A912DAFB2D}"
	ProjectSection(SolutionItems) = preProject
		.editorconfig = .editorconfig
		azure-pipelines.yml = azure-pipelines.yml
		nuget.config = nuget.config
	EndProjectSection
EndProject
Project("{9A19103F-16F7-4668-BE54-9A1E7A4F7556}") = "Avalonia.Ide.CompletionEngine", "CompletionEngine\Avalonia.Ide.CompletionEngine\Avalonia.Ide.CompletionEngine.csproj", "{CD7DB042-4282-4DFB-9910-958036DD621D}"
EndProject
Project("{2150E333-8FDC-42A3-9474-1A3956D46DE8}") = "CompletionEngine", "CompletionEngine", "{8F7FC7D4-7E16-46A4-BA35-2CA47734AE5E}"
EndProject
Project("{9A19103F-16F7-4668-BE54-9A1E7A4F7556}") = "Avalonia.Ide.CompletionEngine.DnlibMetadataProvider", "CompletionEngine\Avalonia.Ide.CompletionEngine.DnlibMetadataProvider\Avalonia.Ide.CompletionEngine.DnlibMetadataProvider.csproj", "{5F0F9262-3527-46AF-ACF6-986B7F7B4C90}"
EndProject
Project("{9A19103F-16F7-4668-BE54-9A1E7A4F7556}") = "CompletionEngineTests", "CompletionEngine\CompletionEngineTests\CompletionEngineTests.csproj", "{48ACDA63-C690-4653-B7E0-D36AFB64EADB}"
EndProject
Global
	GlobalSection(SolutionConfigurationPlatforms) = preSolution
		Debug|Any CPU = Debug|Any CPU
		Debug|x86 = Debug|x86
		Release|Any CPU = Release|Any CPU
		Release|x86 = Release|x86
	EndGlobalSection
	GlobalSection(ProjectConfigurationPlatforms) = postSolution
		{B089E051-A987-4946-AE04-E7EEC3F91A7F}.Debug|Any CPU.ActiveCfg = Debug|Any CPU
		{B089E051-A987-4946-AE04-E7EEC3F91A7F}.Debug|Any CPU.Build.0 = Debug|Any CPU
		{B089E051-A987-4946-AE04-E7EEC3F91A7F}.Debug|x86.ActiveCfg = Debug|Any CPU
		{B089E051-A987-4946-AE04-E7EEC3F91A7F}.Debug|x86.Build.0 = Debug|Any CPU
		{B089E051-A987-4946-AE04-E7EEC3F91A7F}.Release|Any CPU.ActiveCfg = Release|Any CPU
		{B089E051-A987-4946-AE04-E7EEC3F91A7F}.Release|Any CPU.Build.0 = Release|Any CPU
		{B089E051-A987-4946-AE04-E7EEC3F91A7F}.Release|x86.ActiveCfg = Release|Any CPU
		{B089E051-A987-4946-AE04-E7EEC3F91A7F}.Release|x86.Build.0 = Release|Any CPU
		{75104AA0-3B1B-47D4-9C4D-501A8185ACFC}.Debug|Any CPU.ActiveCfg = Debug|Any CPU
		{75104AA0-3B1B-47D4-9C4D-501A8185ACFC}.Debug|Any CPU.Build.0 = Debug|Any CPU
		{75104AA0-3B1B-47D4-9C4D-501A8185ACFC}.Debug|x86.ActiveCfg = Debug|x86
		{75104AA0-3B1B-47D4-9C4D-501A8185ACFC}.Debug|x86.Build.0 = Debug|x86
		{75104AA0-3B1B-47D4-9C4D-501A8185ACFC}.Release|Any CPU.ActiveCfg = Release|Any CPU
		{75104AA0-3B1B-47D4-9C4D-501A8185ACFC}.Release|Any CPU.Build.0 = Release|Any CPU
		{75104AA0-3B1B-47D4-9C4D-501A8185ACFC}.Release|x86.ActiveCfg = Release|x86
		{75104AA0-3B1B-47D4-9C4D-501A8185ACFC}.Release|x86.Build.0 = Release|x86
		{D458691F-3B40-4E54-8BC2-782D017CFD2B}.Debug|Any CPU.ActiveCfg = Debug|Any CPU
		{D458691F-3B40-4E54-8BC2-782D017CFD2B}.Debug|Any CPU.Build.0 = Debug|Any CPU
		{D458691F-3B40-4E54-8BC2-782D017CFD2B}.Debug|x86.ActiveCfg = Debug|x86
		{D458691F-3B40-4E54-8BC2-782D017CFD2B}.Debug|x86.Build.0 = Debug|x86
		{D458691F-3B40-4E54-8BC2-782D017CFD2B}.Release|Any CPU.ActiveCfg = Release|Any CPU
		{D458691F-3B40-4E54-8BC2-782D017CFD2B}.Release|Any CPU.Build.0 = Release|Any CPU
		{D458691F-3B40-4E54-8BC2-782D017CFD2B}.Release|x86.ActiveCfg = Release|x86
		{D458691F-3B40-4E54-8BC2-782D017CFD2B}.Release|x86.Build.0 = Release|x86
		{3BFD12BB-E6D8-46D7-9D5F-119A9896941E}.Debug|Any CPU.ActiveCfg = Debug|Any CPU
		{3BFD12BB-E6D8-46D7-9D5F-119A9896941E}.Debug|Any CPU.Build.0 = Debug|Any CPU
		{3BFD12BB-E6D8-46D7-9D5F-119A9896941E}.Debug|x86.ActiveCfg = Debug|x86
		{3BFD12BB-E6D8-46D7-9D5F-119A9896941E}.Debug|x86.Build.0 = Debug|x86
		{3BFD12BB-E6D8-46D7-9D5F-119A9896941E}.Release|Any CPU.ActiveCfg = Release|Any CPU
		{3BFD12BB-E6D8-46D7-9D5F-119A9896941E}.Release|Any CPU.Build.0 = Release|Any CPU
		{3BFD12BB-E6D8-46D7-9D5F-119A9896941E}.Release|x86.ActiveCfg = Release|x86
		{3BFD12BB-E6D8-46D7-9D5F-119A9896941E}.Release|x86.Build.0 = Release|x86
		{C8B3FF98-50A3-4C04-8F8C-ED853EC0760C}.Debug|Any CPU.ActiveCfg = Debug|Any CPU
		{C8B3FF98-50A3-4C04-8F8C-ED853EC0760C}.Debug|Any CPU.Build.0 = Debug|Any CPU
		{C8B3FF98-50A3-4C04-8F8C-ED853EC0760C}.Debug|x86.ActiveCfg = Debug|x86
		{C8B3FF98-50A3-4C04-8F8C-ED853EC0760C}.Debug|x86.Build.0 = Debug|x86
		{C8B3FF98-50A3-4C04-8F8C-ED853EC0760C}.Release|Any CPU.ActiveCfg = Release|Any CPU
		{C8B3FF98-50A3-4C04-8F8C-ED853EC0760C}.Release|Any CPU.Build.0 = Release|Any CPU
		{C8B3FF98-50A3-4C04-8F8C-ED853EC0760C}.Release|x86.ActiveCfg = Release|x86
		{C8B3FF98-50A3-4C04-8F8C-ED853EC0760C}.Release|x86.Build.0 = Release|x86
		{ECB52FC8-B704-405E-BC2F-086F8E217536}.Debug|Any CPU.ActiveCfg = Debug|Any CPU
		{ECB52FC8-B704-405E-BC2F-086F8E217536}.Debug|Any CPU.Build.0 = Debug|Any CPU
		{ECB52FC8-B704-405E-BC2F-086F8E217536}.Debug|x86.ActiveCfg = Debug|x86
		{ECB52FC8-B704-405E-BC2F-086F8E217536}.Debug|x86.Build.0 = Debug|x86
		{ECB52FC8-B704-405E-BC2F-086F8E217536}.Release|Any CPU.ActiveCfg = Release|Any CPU
		{ECB52FC8-B704-405E-BC2F-086F8E217536}.Release|Any CPU.Build.0 = Release|Any CPU
		{ECB52FC8-B704-405E-BC2F-086F8E217536}.Release|x86.ActiveCfg = Release|x86
		{ECB52FC8-B704-405E-BC2F-086F8E217536}.Release|x86.Build.0 = Release|x86
		{F71567E3-AE77-4009-9901-6994596EAFA6}.Debug|Any CPU.ActiveCfg = Debug|Any CPU
		{F71567E3-AE77-4009-9901-6994596EAFA6}.Debug|Any CPU.Build.0 = Debug|Any CPU
		{F71567E3-AE77-4009-9901-6994596EAFA6}.Debug|x86.ActiveCfg = Debug|x86
		{F71567E3-AE77-4009-9901-6994596EAFA6}.Debug|x86.Build.0 = Debug|x86
		{F71567E3-AE77-4009-9901-6994596EAFA6}.Release|Any CPU.ActiveCfg = Release|Any CPU
		{F71567E3-AE77-4009-9901-6994596EAFA6}.Release|Any CPU.Build.0 = Release|Any CPU
		{F71567E3-AE77-4009-9901-6994596EAFA6}.Release|x86.ActiveCfg = Release|x86
		{F71567E3-AE77-4009-9901-6994596EAFA6}.Release|x86.Build.0 = Release|x86
		{807DA0C2-1DDC-4693-8B6D-901692EC0180}.Debug|Any CPU.ActiveCfg = Debug|Any CPU
		{807DA0C2-1DDC-4693-8B6D-901692EC0180}.Debug|Any CPU.Build.0 = Debug|Any CPU
		{807DA0C2-1DDC-4693-8B6D-901692EC0180}.Debug|x86.ActiveCfg = Debug|x86
		{807DA0C2-1DDC-4693-8B6D-901692EC0180}.Debug|x86.Build.0 = Debug|x86
		{807DA0C2-1DDC-4693-8B6D-901692EC0180}.Release|Any CPU.ActiveCfg = Release|Any CPU
		{807DA0C2-1DDC-4693-8B6D-901692EC0180}.Release|Any CPU.Build.0 = Release|Any CPU
		{807DA0C2-1DDC-4693-8B6D-901692EC0180}.Release|x86.ActiveCfg = Release|x86
		{807DA0C2-1DDC-4693-8B6D-901692EC0180}.Release|x86.Build.0 = Release|x86
		{8315FEBB-8ACD-4AD4-950C-2F4768986D92}.Debug|Any CPU.ActiveCfg = Debug|Any CPU
		{8315FEBB-8ACD-4AD4-950C-2F4768986D92}.Debug|Any CPU.Build.0 = Debug|Any CPU
		{8315FEBB-8ACD-4AD4-950C-2F4768986D92}.Debug|x86.ActiveCfg = Debug|x86
		{8315FEBB-8ACD-4AD4-950C-2F4768986D92}.Debug|x86.Build.0 = Debug|x86
		{8315FEBB-8ACD-4AD4-950C-2F4768986D92}.Release|Any CPU.ActiveCfg = Release|Any CPU
		{8315FEBB-8ACD-4AD4-950C-2F4768986D92}.Release|Any CPU.Build.0 = Release|Any CPU
		{8315FEBB-8ACD-4AD4-950C-2F4768986D92}.Release|x86.ActiveCfg = Release|x86
		{8315FEBB-8ACD-4AD4-950C-2F4768986D92}.Release|x86.Build.0 = Release|x86
		{8C4E8335-59BA-4E56-80FF-68C559E3F664}.Debug|Any CPU.ActiveCfg = Debug|Any CPU
		{8C4E8335-59BA-4E56-80FF-68C559E3F664}.Debug|Any CPU.Build.0 = Debug|Any CPU
		{8C4E8335-59BA-4E56-80FF-68C559E3F664}.Debug|x86.ActiveCfg = Debug|x86
		{8C4E8335-59BA-4E56-80FF-68C559E3F664}.Debug|x86.Build.0 = Debug|x86
		{8C4E8335-59BA-4E56-80FF-68C559E3F664}.Release|Any CPU.ActiveCfg = Release|Any CPU
		{8C4E8335-59BA-4E56-80FF-68C559E3F664}.Release|Any CPU.Build.0 = Release|Any CPU
		{8C4E8335-59BA-4E56-80FF-68C559E3F664}.Release|x86.ActiveCfg = Release|x86
		{8C4E8335-59BA-4E56-80FF-68C559E3F664}.Release|x86.Build.0 = Release|x86
		{F7EE3A1D-DDB2-4F82-A6E7-F444A24ABB62}.Debug|Any CPU.ActiveCfg = Debug|Any CPU
		{F7EE3A1D-DDB2-4F82-A6E7-F444A24ABB62}.Debug|Any CPU.Build.0 = Debug|Any CPU
		{F7EE3A1D-DDB2-4F82-A6E7-F444A24ABB62}.Debug|x86.ActiveCfg = Debug|x86
		{F7EE3A1D-DDB2-4F82-A6E7-F444A24ABB62}.Debug|x86.Build.0 = Debug|x86
		{F7EE3A1D-DDB2-4F82-A6E7-F444A24ABB62}.Release|Any CPU.ActiveCfg = Release|Any CPU
		{F7EE3A1D-DDB2-4F82-A6E7-F444A24ABB62}.Release|Any CPU.Build.0 = Release|Any CPU
		{F7EE3A1D-DDB2-4F82-A6E7-F444A24ABB62}.Release|x86.ActiveCfg = Release|x86
		{F7EE3A1D-DDB2-4F82-A6E7-F444A24ABB62}.Release|x86.Build.0 = Release|x86
		{9FEF480A-5A56-489D-AD89-53970FD2B2A1}.Debug|Any CPU.ActiveCfg = Debug|Any CPU
		{9FEF480A-5A56-489D-AD89-53970FD2B2A1}.Debug|Any CPU.Build.0 = Debug|Any CPU
		{9FEF480A-5A56-489D-AD89-53970FD2B2A1}.Debug|x86.ActiveCfg = Debug|x86
		{9FEF480A-5A56-489D-AD89-53970FD2B2A1}.Debug|x86.Build.0 = Debug|x86
		{9FEF480A-5A56-489D-AD89-53970FD2B2A1}.Release|Any CPU.ActiveCfg = Release|Any CPU
		{9FEF480A-5A56-489D-AD89-53970FD2B2A1}.Release|Any CPU.Build.0 = Release|Any CPU
		{9FEF480A-5A56-489D-AD89-53970FD2B2A1}.Release|x86.ActiveCfg = Release|x86
		{9FEF480A-5A56-489D-AD89-53970FD2B2A1}.Release|x86.Build.0 = Release|x86
		{79A4832C-9D3E-42D9-9215-D786565269B5}.Debug|Any CPU.ActiveCfg = Debug|Any CPU
		{79A4832C-9D3E-42D9-9215-D786565269B5}.Debug|Any CPU.Build.0 = Debug|Any CPU
		{79A4832C-9D3E-42D9-9215-D786565269B5}.Debug|x86.ActiveCfg = Debug|x86
		{79A4832C-9D3E-42D9-9215-D786565269B5}.Debug|x86.Build.0 = Debug|x86
		{79A4832C-9D3E-42D9-9215-D786565269B5}.Release|Any CPU.ActiveCfg = Release|Any CPU
		{79A4832C-9D3E-42D9-9215-D786565269B5}.Release|Any CPU.Build.0 = Release|Any CPU
		{79A4832C-9D3E-42D9-9215-D786565269B5}.Release|x86.ActiveCfg = Release|x86
		{79A4832C-9D3E-42D9-9215-D786565269B5}.Release|x86.Build.0 = Release|x86
		{1029EC08-7B2E-4018-B20D-E85CA58DEB59}.Debug|Any CPU.ActiveCfg = Debug|Any CPU
		{1029EC08-7B2E-4018-B20D-E85CA58DEB59}.Debug|Any CPU.Build.0 = Debug|Any CPU
		{1029EC08-7B2E-4018-B20D-E85CA58DEB59}.Debug|x86.ActiveCfg = Debug|x86
		{1029EC08-7B2E-4018-B20D-E85CA58DEB59}.Debug|x86.Build.0 = Debug|x86
		{1029EC08-7B2E-4018-B20D-E85CA58DEB59}.Release|Any CPU.ActiveCfg = Release|Any CPU
		{1029EC08-7B2E-4018-B20D-E85CA58DEB59}.Release|Any CPU.Build.0 = Release|Any CPU
		{1029EC08-7B2E-4018-B20D-E85CA58DEB59}.Release|x86.ActiveCfg = Release|x86
		{1029EC08-7B2E-4018-B20D-E85CA58DEB59}.Release|x86.Build.0 = Release|x86
		{CD7DB042-4282-4DFB-9910-958036DD621D}.Debug|Any CPU.ActiveCfg = Debug|Any CPU
		{CD7DB042-4282-4DFB-9910-958036DD621D}.Debug|Any CPU.Build.0 = Debug|Any CPU
		{CD7DB042-4282-4DFB-9910-958036DD621D}.Debug|x86.ActiveCfg = Debug|Any CPU
		{CD7DB042-4282-4DFB-9910-958036DD621D}.Debug|x86.Build.0 = Debug|Any CPU
		{CD7DB042-4282-4DFB-9910-958036DD621D}.Release|Any CPU.ActiveCfg = Release|Any CPU
		{CD7DB042-4282-4DFB-9910-958036DD621D}.Release|Any CPU.Build.0 = Release|Any CPU
		{CD7DB042-4282-4DFB-9910-958036DD621D}.Release|x86.ActiveCfg = Release|Any CPU
		{CD7DB042-4282-4DFB-9910-958036DD621D}.Release|x86.Build.0 = Release|Any CPU
		{5F0F9262-3527-46AF-ACF6-986B7F7B4C90}.Debug|Any CPU.ActiveCfg = Debug|Any CPU
		{5F0F9262-3527-46AF-ACF6-986B7F7B4C90}.Debug|Any CPU.Build.0 = Debug|Any CPU
		{5F0F9262-3527-46AF-ACF6-986B7F7B4C90}.Debug|x86.ActiveCfg = Debug|Any CPU
		{5F0F9262-3527-46AF-ACF6-986B7F7B4C90}.Debug|x86.Build.0 = Debug|Any CPU
		{5F0F9262-3527-46AF-ACF6-986B7F7B4C90}.Release|Any CPU.ActiveCfg = Release|Any CPU
		{5F0F9262-3527-46AF-ACF6-986B7F7B4C90}.Release|Any CPU.Build.0 = Release|Any CPU
		{5F0F9262-3527-46AF-ACF6-986B7F7B4C90}.Release|x86.ActiveCfg = Release|Any CPU
		{5F0F9262-3527-46AF-ACF6-986B7F7B4C90}.Release|x86.Build.0 = Release|Any CPU
		{48ACDA63-C690-4653-B7E0-D36AFB64EADB}.Debug|Any CPU.ActiveCfg = Debug|Any CPU
		{48ACDA63-C690-4653-B7E0-D36AFB64EADB}.Debug|Any CPU.Build.0 = Debug|Any CPU
		{48ACDA63-C690-4653-B7E0-D36AFB64EADB}.Debug|x86.ActiveCfg = Debug|Any CPU
		{48ACDA63-C690-4653-B7E0-D36AFB64EADB}.Debug|x86.Build.0 = Debug|Any CPU
		{48ACDA63-C690-4653-B7E0-D36AFB64EADB}.Release|Any CPU.ActiveCfg = Release|Any CPU
		{48ACDA63-C690-4653-B7E0-D36AFB64EADB}.Release|Any CPU.Build.0 = Release|Any CPU
		{48ACDA63-C690-4653-B7E0-D36AFB64EADB}.Release|x86.ActiveCfg = Release|Any CPU
		{48ACDA63-C690-4653-B7E0-D36AFB64EADB}.Release|x86.Build.0 = Release|Any CPU
	EndGlobalSection
	GlobalSection(SolutionProperties) = preSolution
		HideSolutionNode = FALSE
	EndGlobalSection
	GlobalSection(NestedProjects) = preSolution
		{B089E051-A987-4946-AE04-E7EEC3F91A7F} = {BA40CDDD-84AA-4B4A-A729-7EFB9E1E9B22}
		{75104AA0-3B1B-47D4-9C4D-501A8185ACFC} = {FC634911-168A-4FDD-8758-11FAD5B8696B}
		{D458691F-3B40-4E54-8BC2-782D017CFD2B} = {FC634911-168A-4FDD-8758-11FAD5B8696B}
		{3BFD12BB-E6D8-46D7-9D5F-119A9896941E} = {FC634911-168A-4FDD-8758-11FAD5B8696B}
		{C8B3FF98-50A3-4C04-8F8C-ED853EC0760C} = {FC634911-168A-4FDD-8758-11FAD5B8696B}
		{ECB52FC8-B704-405E-BC2F-086F8E217536} = {FC634911-168A-4FDD-8758-11FAD5B8696B}
		{F71567E3-AE77-4009-9901-6994596EAFA6} = {FC634911-168A-4FDD-8758-11FAD5B8696B}
		{807DA0C2-1DDC-4693-8B6D-901692EC0180} = {FC634911-168A-4FDD-8758-11FAD5B8696B}
		{8315FEBB-8ACD-4AD4-950C-2F4768986D92} = {FC634911-168A-4FDD-8758-11FAD5B8696B}
		{8C4E8335-59BA-4E56-80FF-68C559E3F664} = {FC634911-168A-4FDD-8758-11FAD5B8696B}
		{F7EE3A1D-DDB2-4F82-A6E7-F444A24ABB62} = {FC634911-168A-4FDD-8758-11FAD5B8696B}
		{9FEF480A-5A56-489D-AD89-53970FD2B2A1} = {FC634911-168A-4FDD-8758-11FAD5B8696B}
		{CD7DB042-4282-4DFB-9910-958036DD621D} = {8F7FC7D4-7E16-46A4-BA35-2CA47734AE5E}
		{5F0F9262-3527-46AF-ACF6-986B7F7B4C90} = {8F7FC7D4-7E16-46A4-BA35-2CA47734AE5E}
		{48ACDA63-C690-4653-B7E0-D36AFB64EADB} = {8F7FC7D4-7E16-46A4-BA35-2CA47734AE5E}
	EndGlobalSection
	GlobalSection(ExtensibilityGlobals) = postSolution
		SolutionGuid = {0CE7163D-D505-4965-B2B9-9E9068C77A62}
	EndGlobalSection
	GlobalSection(SharedMSBuildProjectFiles) = preSolution
		AvaloniaVS.Shared\AvaloniaVS.Shared.projitems*{1029ec08-7b2e-4018-b20d-e85ca58deb59}*SharedItemsImports = 4
		AvaloniaVS.Shared\AvaloniaVS.Shared.projitems*{40d9809e-d179-44b2-bf42-61d781fb74f6}*SharedItemsImports = 13
		AvaloniaVS.Shared\AvaloniaVS.Shared.projitems*{79a4832c-9d3e-42d9-9215-d786565269b5}*SharedItemsImports = 4
	EndGlobalSection
EndGlobal
